<?xml version="1.0" encoding="utf-8"?>
<Project ToolsVersion="4.0" xmlns="http://schemas.microsoft.com/developer/msbuild/2003">
  <ItemGroup>
    <Filter Include="Source Files">
      <UniqueIdentifier>{4FC737F1-C7A5-4376-A066-2A32D752A2FF}</UniqueIdentifier>
      <Extensions>cpp;c;cc;cxx;def;odl;idl;hpj;bat;asm;asmx</Extensions>
    </Filter>
    <Filter Include="Header Files">
      <UniqueIdentifier>{93995380-89BD-4b04-88EB-625FBE52EBFB}</UniqueIdentifier>
      <Extensions>h;hpp;hxx;hm;inl;inc;xsd</Extensions>
    </Filter>
    <Filter Include="Resource Files">
      <UniqueIdentifier>{67DA6AB6-F800-4c08-8B7A-83BB121AAD01}</UniqueIdentifier>
      <Extensions>rc;ico;cur;bmp;dlg;rc2;rct;bin;rgs;gif;jpg;jpeg;jpe;resx;tiff;tif;png;wav;mfcribbon-ms</Extensions>
    </Filter>
  </ItemGroup>
  <ItemGroup>
    <ClCompile Include="main.cpp">
      <Filter>Source Files</Filter>
    </ClCompile>
    <ClCompile Include="FlightDataReader.cpp">
      <Filter>Source Files</Filter>
    </ClCompile>
    <ClCompile Include="ProjectSpace.cpp">
      <Filter>Source Files</Filter>
    </ClCompile>
    <ClCompile Include="ProjectSpaceBuilder.cpp">
      <Filter>Source Files</Filter>
    </ClCompile>
    <ClCompile Include="InvolvedCellsSeeker.cpp">
      <Filter>Source Files</Filter>
    </ClCompile>
    <ClCompile Include="CriticalLevelDetector.cpp">
      <Filter>Source Files</Filter>
    </ClCompile>
    <ClCompile Include="FlightDataReaderMemCache.cpp">
      <Filter>Source Files</Filter>
    </ClCompile>
    <ClCompile Include="TestRunner.cpp">
      <Filter>Source Files</Filter>
    </ClCompile>
    <ClCompile Include="Profiler.cpp">
      <Filter>Source Files</Filter>
    </ClCompile>
    <ClCompile Include="CriticalDegree.cpp">
      <Filter>Source Files</Filter>
    </ClCompile>
    <ClCompile Include="MPIManager.cpp">
      <Filter>Source Files</Filter>
    </ClCompile>
    <ClCompile Include="MPIWorkerMaster.cpp">
      <Filter>Source Files</Filter>
    </ClCompile>
    <ClCompile Include="MPIWorkerSlave.cpp">
      <Filter>Source Files</Filter>
    </ClCompile>
    <ClCompile Include="MPIWorker.cpp">
      <Filter>Source Files</Filter>
    </ClCompile>
  </ItemGroup>
  <ItemGroup>
    <ClInclude Include="FlightDataReader.h">
      <Filter>Header Files</Filter>
    </ClInclude>
    <ClInclude Include="ProjectSpace.h">
      <Filter>Header Files</Filter>
    </ClInclude>
    <ClInclude Include="OpenMP.h">
      <Filter>Header Files</Filter>
    </ClInclude>
    <ClInclude Include="RuntimeException.h">
      <Filter>Header Files</Filter>
    </ClInclude>
    <ClInclude Include="ProjectSpaceBuilder.h">
      <Filter>Header Files</Filter>
    </ClInclude>
    <ClInclude Include="InvolvedCellsSeeker.h">
      <Filter>Header Files</Filter>
    </ClInclude>
    <ClInclude Include="CriticalLevelDetector.h">
      <Filter>Header Files</Filter>
    </ClInclude>
    <ClInclude Include="FlightDataReaderMemCache.h">
      <Filter>Header Files</Filter>
    </ClInclude>
    <ClInclude Include="IFlightDataReader.h">
      <Filter>Header Files</Filter>
    </ClInclude>
    <ClInclude Include="Include.h">
      <Filter>Header Files</Filter>
    </ClInclude>
    <ClInclude Include="TestRunner.h">
      <Filter>Header Files</Filter>
    </ClInclude>
    <ClInclude Include="Profiler.h">
      <Filter>Header Files</Filter>
    </ClInclude>
    <ClInclude Include="ControlPoint.h">
      <Filter>Header Files</Filter>
    </ClInclude>
    <ClInclude Include="Cell.h">
      <Filter>Header Files</Filter>
    </ClInclude>
    <ClInclude Include="CriticalDegree.h">
      <Filter>Header Files</Filter>
    </ClInclude>
    <ClInclude Include="MPIManager.h">
      <Filter>Header Files</Filter>
    </ClInclude>
    <ClInclude Include="MPIWorkerMaster.h">
      <Filter>Header Files</Filter>
    </ClInclude>
    <ClInclude Include="MPIWorkerSlave.h">
      <Filter>Header Files</Filter>
    </ClInclude>
    <ClInclude Include="MPIWorker.h">
      <Filter>Header Files</Filter>
    </ClInclude>
    <ClInclude Include="MPIWorkerFactory.h">
      <Filter>Header Files</Filter>
    </ClInclude>
  </ItemGroup>
</Project>